#MicroXplorer Configuration settings - do not modify
Mcu.Family=STM32H7
RCC.DIVQ2Freq_Value=129000000
ProjectManager.MainLocation=Core/Src
I2C2.IPParameters=Timing
PA6.Mode=Full_Duplex_Master
RCC.SAI1Freq_Value=100000000
RCC.CortexFreq_Value=200000000
ProjectManager.KeepUserCode=true
Mcu.UserName=STM32H750VBTx
SPI1.VirtualType=VM_MASTER
RCC.HPRE=RCC_HCLK_DIV2
PB10.Mode=I2C
RCC.PLLFRACN=0
I2C2.Timing=0x00C0EAFF
PA7.GPIO_Mode=GPIO_MODE_AF_PP
ProjectManager.functionlistsort=1-MX_GPIO_Init-GPIO-false-HAL-true,2-SystemClock_Config-RCC-false-HAL-false,3-MX_SPI1_Init-SPI1-false-HAL-true,4-MX_I2C2_Init-I2C2-false-HAL-true,0-MX_CORTEX_M7_Init-CORTEX_M7-false-HAL-true
RCC.RTCFreq_Value=32000
RCC.PLL2FRACN=0
RCC.CpuClockFreq_Value=200000000
RCC.VCO2OutputFreq_Value=258000000
PB11.Signal=I2C2_SDA
PinOutPanel.RotationAngle=0
RCC.MCO1PinFreq_Value=64000000
RCC.SYSCLKSource=RCC_SYSCLKSOURCE_PLLCLK
ProjectManager.StackSize=0x400
RCC.AHB4Freq_Value=100000000
PA6.GPIO_Mode=GPIO_MODE_AF_PP
RCC.VCOInput3Freq_Value=2000000
RCC.SPI123CLockSelection=RCC_SPI123CLKSOURCE_CLKP
RCC.LPTIM1Freq_Value=50000000
Mcu.IP4=RCC
Mcu.IP5=SPI1
Mcu.IP2=I2C2
NVIC.SVCall_IRQn=true\:0\:0\:false\:false\:true\:false\:false
Mcu.IP3=NVIC
Mcu.IP0=CORTEX_M7
PA14\ (JTCK/SWCLK).Signal=DEBUG_JTCK-SWCLK
Mcu.IP1=DEBUG
SPI1.CLKPolarity=SPI_POLARITY_HIGH
Mcu.UserConstants=
RCC.DIVP3Freq_Value=129000000
RCC.SDMMCFreq_Value=100000000
Mcu.ThirdPartyNb=0
SPI1.Direction=SPI_DIRECTION_2LINES
RCC.HCLKFreq_Value=100000000
RCC.I2C4Freq_Value=100000000
Mcu.IPNb=7
ProjectManager.PreviousToolchain=STM32CubeIDE
RCC.SPDIFRXFreq_Value=100000000
RCC.DIVQ3Freq_Value=129000000
SPI1.CalculateBaudRate=2.0 MBits/s
Mcu.Pin6=PA13 (JTMS/SWDIO)
Mcu.Pin7=PA14 (JTCK/SWCLK)
Mcu.Pin8=PB3 (JTDO/TRACESWO)
Mcu.Pin9=VP_SYS_VS_Systick
Mcu.Pin0=PA4
Mcu.Pin1=PA5
Mcu.Pin2=PA6
RCC.HRTIMFreq_Value=100000000
Mcu.Pin3=PA7
Mcu.Pin4=PB10
Mcu.Pin5=PB11
ProjectManager.ProjectBuild=false
RCC.DIVR3Freq_Value=129000000
NVIC.UsageFault_IRQn=true\:0\:0\:false\:false\:true\:false\:false
NVIC.DebugMonitor_IRQn=true\:0\:0\:false\:false\:true\:false\:false
PA4.Locked=true
NVIC.SysTick_IRQn=true\:0\:0\:false\:false\:true\:false\:true
RCC.DIVM1=4
PA4.GPIO_Speed=GPIO_SPEED_FREQ_HIGH
ProjectManager.FirmwarePackage=STM32Cube FW_H7 V1.9.0
MxDb.Version=DB.6.0.21
PA6.GPIO_PuPd=GPIO_PULLDOWN
RCC.DIVP1Freq_Value=200000000
ProjectManager.BackupPrevious=false
RCC.FMCFreq_Value=100000000
PA5.GPIO_PuPd=GPIO_NOPULL
RCC.USART16Freq_Value=100000000
SPI1.DataSize=SPI_DATASIZE_8BIT
File.Version=6
PA14\ (JTCK/SWCLK).Mode=Trace_Asynchronous_SW
NVIC.PendSV_IRQn=true\:0\:0\:false\:false\:true\:false\:false
RCC.DIVR2Freq_Value=129000000
ProjectManager.HalAssertFull=false
RCC.DIVP2Freq_Value=129000000
ProjectManager.ProjectName=STM32_BMx280
RCC.APB3Freq_Value=100000000
RCC.MCO2PinFreq_Value=200000000
Mcu.Package=LQFP100
PA6.Signal=SPI1_MISO
RCC.PLL3FRACN=0
ProjectManager.ToolChainLocation=
VP_SYS_VS_Systick.Signal=SYS_VS_Systick
RCC.DFSDMFreq_Value=100000000
RCC.DIVR1Freq_Value=200000000
PA5.GPIOParameters=GPIO_Speed,GPIO_PuPd,GPIO_Mode
RCC.TraceFreq_Value=200000000
RCC.APB4Freq_Value=100000000
RCC.CECFreq_Value=32000
RCC.SAI23Freq_Value=100000000
NVIC.BusFault_IRQn=true\:0\:0\:false\:false\:true\:false\:false
RCC.LPUART1Freq_Value=100000000
PA6.GPIO_Speed=GPIO_SPEED_FREQ_HIGH
SPI1.BaudRatePrescaler=SPI_BAUDRATEPRESCALER_32
PA4.GPIO_Label=SPI1_CS
ProjectManager.CustomerFirmwarePackage=
RCC.Tim2OutputFreq_Value=100000000
RCC.DFSDMACLkFreq_Value=100000000
RCC.VCO3OutputFreq_Value=258000000
PA5.Mode=Full_Duplex_Master
PA6.GPIOParameters=GPIO_Speed,GPIO_PuPd,GPIO_Mode
ProjectManager.ProjectFileName=STM32_BMx280.ioc
RCC.DIVQ1=4
PA7.Mode=Full_Duplex_Master
PA13\ (JTMS/SWDIO).Mode=Trace_Asynchronous_SW
Mcu.PinsNb=10
ProjectManager.NoMain=false
SPI1.IPParameters=VirtualType,Mode,Direction,CalculateBaudRate,DataSize,CLKPolarity,CLKPhase,BaudRatePrescaler,NSSPMode
RCC.SWPMI1Freq_Value=50000000
RCC.SAI4BFreq_Value=100000000
RCC.D2PPRE1=RCC_APB1_DIV2
ProjectManager.DefaultFWLocation=true
SPI1.CLKPhase=SPI_PHASE_2EDGE
ProjectManager.DeletePrevious=true
RCC.QSPIFreq_Value=100000000
RCC.FamilyName=M
RCC.SPI6Freq_Value=100000000
RCC.D1CPREFreq_Value=200000000
RCC.USART234578Freq_Value=50000000
RCC.SPI45Freq_Value=100000000
RCC.Tim1OutputFreq_Value=100000000
RCC.SPI123Freq_Value=64000000
PB11.Mode=I2C
PB3\ (JTDO/TRACESWO).Signal=DEBUG_JTDO-SWO
ProjectManager.TargetToolchain=STM32CubeIDE
RCC.VCO1OutputFreq_Value=400000000
RCC.AXIClockFreq_Value=100000000
RCC.DIVN1=25
ProjectManager.RegisterCallBack=
RCC.USBFreq_Value=100000000
PA7.GPIO_PuPd=GPIO_PULLDOWN
RCC.CKPERFreq_Value=64000000
PB10.Signal=I2C2_SCL
PA5.Signal=SPI1_SCK
board=custom
ProjectManager.LastFirmware=true
PA7.GPIO_Speed=GPIO_SPEED_FREQ_HIGH
RCC.VCOInput1Freq_Value=16000000
RCC.AHB12Freq_Value=100000000
RCC.APB2Freq_Value=100000000
MxCube.Version=6.2.1
SPI1.Mode=SPI_MODE_MASTER
RCC.FDCANFreq_Value=100000000
RCC.RNGFreq_Value=48000000
RCC.ADCFreq_Value=129000000
VP_SYS_VS_Systick.Mode=SysTick
NVIC.NonMaskableInt_IRQn=true\:0\:0\:false\:false\:true\:false\:false
PA4.GPIOParameters=GPIO_Speed,GPIO_Label
ProjectManager.FreePins=false
RCC.IPParameters=ADCFreq_Value,AHB12Freq_Value,AHB4Freq_Value,APB1Freq_Value,APB2Freq_Value,APB3Freq_Value,APB4Freq_Value,AXIClockFreq_Value,CECFreq_Value,CKPERFreq_Value,CortexFreq_Value,CpuClockFreq_Value,D1CPREFreq_Value,D2PPRE1,DFSDMACLkFreq_Value,DFSDMFreq_Value,DIVM1,DIVN1,DIVP1Freq_Value,DIVP2Freq_Value,DIVP3Freq_Value,DIVQ1,DIVQ1Freq_Value,DIVQ2Freq_Value,DIVQ3Freq_Value,DIVR1Freq_Value,DIVR2Freq_Value,DIVR3Freq_Value,FDCANFreq_Value,FMCFreq_Value,FamilyName,HCLK3ClockFreq_Value,HCLKFreq_Value,HPRE,HRTIMFreq_Value,I2C123Freq_Value,I2C4Freq_Value,LPTIM1Freq_Value,LPTIM2Freq_Value,LPTIM345Freq_Value,LPUART1Freq_Value,LTDCFreq_Value,MCO1PinFreq_Value,MCO2PinFreq_Value,PLL2FRACN,PLL3FRACN,PLLFRACN,QSPIFreq_Value,RNGFreq_Value,RTCFreq_Value,SAI1Freq_Value,SAI23Freq_Value,SAI4AFreq_Value,SAI4BFreq_Value,SDMMCFreq_Value,SPDIFRXFreq_Value,SPI123CLockSelection,SPI123Freq_Value,SPI45Freq_Value,SPI6Freq_Value,SWPMI1Freq_Value,SYSCLKFreq_VALUE,SYSCLKSource,Tim1OutputFreq_Value,Tim2OutputFreq_Value,TraceFreq_Value,USART16Freq_Value,USART234578Freq_Value,USBFreq_Value,VCO1OutputFreq_Value,VCO2OutputFreq_Value,VCO3OutputFreq_Value,VCOInput1Freq_Value,VCOInput2Freq_Value,VCOInput3Freq_Value
ProjectManager.AskForMigrate=true
Mcu.Name=STM32H750VBTx
RCC.LPTIM2Freq_Value=100000000
SPI1.NSSPMode=SPI_NSS_PULSE_DISABLE
ProjectManager.UnderRoot=true
Mcu.IP6=SYS
ProjectManager.CoupleFile=true
PA4.Signal=GPIO_Output
RCC.SYSCLKFreq_VALUE=200000000
RCC.I2C123Freq_Value=50000000
NVIC.ForceEnableDMAVector=true
KeepUserPlacement=false
NVIC.MemoryManagement_IRQn=true\:0\:0\:false\:false\:true\:false\:false
ProjectManager.CompilerOptimize=6
ProjectManager.HeapSize=0x200
NVIC.HardFault_IRQn=true\:0\:0\:false\:false\:true\:false\:false
RCC.LPTIM345Freq_Value=100000000
ProjectManager.ComputerToolchain=false
RCC.LTDCFreq_Value=129000000
PA5.GPIO_Speed=GPIO_SPEED_FREQ_HIGH
RCC.SAI4AFreq_Value=100000000
NVIC.PriorityGroup=NVIC_PRIORITYGROUP_4
PB3\ (JTDO/TRACESWO).Mode=Trace_Asynchronous_SW
RCC.DIVQ1Freq_Value=100000000
RCC.HCLK3ClockFreq_Value=100000000
RCC.VCOInput2Freq_Value=2000000
RCC.APB1Freq_Value=50000000
PA5.GPIO_Mode=GPIO_MODE_AF_PP
PA7.GPIOParameters=GPIO_Speed,GPIO_PuPd,GPIO_Mode
ProjectManager.DeviceId=STM32H750VBTx
ProjectManager.LibraryCopy=1
PA13\ (JTMS/SWDIO).Signal=DEBUG_JTMS-SWDIO
PA7.Signal=SPI1_MOSI
isbadioc=false
